// !$*UTF8*$!
{
	archiveVersion = 1;
	classes = {
	};
	objectVersion = 46;
	objects = {

/* Begin PBXBuildFile section */
		E0393E461A90F2F5007C0A1A /* RJDataManager.m in Sources */ = {isa = PBXBuildFile; fileRef = E0393E451A90F2F5007C0A1A /* RJDataManager.m */; };
		E0393E491A90F7D5007C0A1A /* RJUniversitiyController.m in Sources */ = {isa = PBXBuildFile; fileRef = E0393E481A90F7D5007C0A1A /* RJUniversitiyController.m */; };
		E0393E9F1A912CBF007C0A1A /* 1.png in Resources */ = {isa = PBXBuildFile; fileRef = E0393E9D1A912CBF007C0A1A /* 1.png */; };
		E0393EA01A912CBF007C0A1A /* 2.png in Resources */ = {isa = PBXBuildFile; fileRef = E0393E9E1A912CBF007C0A1A /* 2.png */; };
		E0A775B41A91F42300DF60CD /* RJCourseController.m in Sources */ = {isa = PBXBuildFile; fileRef = E0A775B31A91F42300DF60CD /* RJCourseController.m */; };
		E0A775B81A91F45E00DF60CD /* RJStudentController.m in Sources */ = {isa = PBXBuildFile; fileRef = E0A775B71A91F45E00DF60CD /* RJStudentController.m */; };
		E0A775BB1A91F47F00DF60CD /* RJProfessorController.m in Sources */ = {isa = PBXBuildFile; fileRef = E0A775BA1A91F47F00DF60CD /* RJProfessorController.m */; };
		E0A775BF1A92247C00DF60CD /* RJStudentProfileController.m in Sources */ = {isa = PBXBuildFile; fileRef = E0A775BE1A92247C00DF60CD /* RJStudentProfileController.m */; };
		E0A775C21A92545800DF60CD /* RJStudent.m in Sources */ = {isa = PBXBuildFile; fileRef = E0A775C11A92545800DF60CD /* RJStudent.m */; };
		E0A775C51A92545800DF60CD /* RJUniversity.m in Sources */ = {isa = PBXBuildFile; fileRef = E0A775C41A92545800DF60CD /* RJUniversity.m */; };
		E0A775C81A92545800DF60CD /* RJCourse.m in Sources */ = {isa = PBXBuildFile; fileRef = E0A775C71A92545800DF60CD /* RJCourse.m */; };
		E0A775CB1A92545800DF60CD /* RJObject.m in Sources */ = {isa = PBXBuildFile; fileRef = E0A775CA1A92545800DF60CD /* RJObject.m */; };
		E0A775CE1A92545800DF60CD /* RJProfessor.m in Sources */ = {isa = PBXBuildFile; fileRef = E0A775CD1A92545800DF60CD /* RJProfessor.m */; };
		E0A775D41A92706900DF60CD /* RJTableViewCell.m in Sources */ = {isa = PBXBuildFile; fileRef = E0A775D31A92706900DF60CD /* RJTableViewCell.m */; };
		E0A775D81A9284B800DF60CD /* RJStudentInfoCell.m in Sources */ = {isa = PBXBuildFile; fileRef = E0A775D71A9284B800DF60CD /* RJStudentInfoCell.m */; };
		E0A775DA1A928F1F00DF60CD /* contact.png in Resources */ = {isa = PBXBuildFile; fileRef = E0A775D91A928F1F00DF60CD /* contact.png */; };
		E0A775DC1A92905600DF60CD /* contact2.png in Resources */ = {isa = PBXBuildFile; fileRef = E0A775DB1A92905600DF60CD /* contact2.png */; };
		E0E206421A90CF3E009048B1 /* main.m in Sources */ = {isa = PBXBuildFile; fileRef = E0E206411A90CF3E009048B1 /* main.m */; };
		E0E206451A90CF3E009048B1 /* AppDelegate.m in Sources */ = {isa = PBXBuildFile; fileRef = E0E206441A90CF3E009048B1 /* AppDelegate.m */; };
		E0E206481A90CF3E009048B1 /* Lesson41_44Ex.xcdatamodeld in Sources */ = {isa = PBXBuildFile; fileRef = E0E206461A90CF3E009048B1 /* Lesson41_44Ex.xcdatamodeld */; };
		E0E2064B1A90CF3E009048B1 /* RJCoreDataTableViewController.m in Sources */ = {isa = PBXBuildFile; fileRef = E0E2064A1A90CF3E009048B1 /* RJCoreDataTableViewController.m */; };
		E0E206511A90CF3E009048B1 /* Main.storyboard in Resources */ = {isa = PBXBuildFile; fileRef = E0E2064F1A90CF3E009048B1 /* Main.storyboard */; };
		E0E206531A90CF3E009048B1 /* Images.xcassets in Resources */ = {isa = PBXBuildFile; fileRef = E0E206521A90CF3E009048B1 /* Images.xcassets */; };
		E0E206561A90CF3E009048B1 /* LaunchScreen.xib in Resources */ = {isa = PBXBuildFile; fileRef = E0E206541A90CF3E009048B1 /* LaunchScreen.xib */; };
		E0E206621A90CF3E009048B1 /* Lesson41_44ExTests.m in Sources */ = {isa = PBXBuildFile; fileRef = E0E206611A90CF3E009048B1 /* Lesson41_44ExTests.m */; };
/* End PBXBuildFile section */

/* Begin PBXContainerItemProxy section */
		E0E2065C1A90CF3E009048B1 /* PBXContainerItemProxy */ = {
			isa = PBXContainerItemProxy;
			containerPortal = E0E206341A90CF3E009048B1 /* Project object */;
			proxyType = 1;
			remoteGlobalIDString = E0E2063B1A90CF3E009048B1;
			remoteInfo = "Lesson41-44Ex";
		};
/* End PBXContainerItemProxy section */

/* Begin PBXFileReference section */
		E0393E441A90F2F5007C0A1A /* RJDataManager.h */ = {isa = PBXFileReference; fileEncoding = 4; lastKnownFileType = sourcecode.c.h; path = RJDataManager.h; sourceTree = "<group>"; };
		E0393E451A90F2F5007C0A1A /* RJDataManager.m */ = {isa = PBXFileReference; fileEncoding = 4; lastKnownFileType = sourcecode.c.objc; path = RJDataManager.m; sourceTree = "<group>"; };
		E0393E471A90F7D5007C0A1A /* RJUniversitiyController.h */ = {isa = PBXFileReference; fileEncoding = 4; lastKnownFileType = sourcecode.c.h; path = RJUniversitiyController.h; sourceTree = "<group>"; };
		E0393E481A90F7D5007C0A1A /* RJUniversitiyController.m */ = {isa = PBXFileReference; fileEncoding = 4; lastKnownFileType = sourcecode.c.objc; path = RJUniversitiyController.m; sourceTree = "<group>"; };
		E0393E9D1A912CBF007C0A1A /* 1.png */ = {isa = PBXFileReference; lastKnownFileType = image.png; path = 1.png; sourceTree = "<group>"; };
		E0393E9E1A912CBF007C0A1A /* 2.png */ = {isa = PBXFileReference; lastKnownFileType = image.png; path = 2.png; sourceTree = "<group>"; };
		E0A775B21A91F42300DF60CD /* RJCourseController.h */ = {isa = PBXFileReference; fileEncoding = 4; lastKnownFileType = sourcecode.c.h; path = RJCourseController.h; sourceTree = "<group>"; };
		E0A775B31A91F42300DF60CD /* RJCourseController.m */ = {isa = PBXFileReference; fileEncoding = 4; lastKnownFileType = sourcecode.c.objc; path = RJCourseController.m; sourceTree = "<group>"; };
		E0A775B61A91F45E00DF60CD /* RJStudentController.h */ = {isa = PBXFileReference; fileEncoding = 4; lastKnownFileType = sourcecode.c.h; path = RJStudentController.h; sourceTree = "<group>"; };
		E0A775B71A91F45E00DF60CD /* RJStudentController.m */ = {isa = PBXFileReference; fileEncoding = 4; lastKnownFileType = sourcecode.c.objc; path = RJStudentController.m; sourceTree = "<group>"; };
		E0A775B91A91F47F00DF60CD /* RJProfessorController.h */ = {isa = PBXFileReference; fileEncoding = 4; lastKnownFileType = sourcecode.c.h; path = RJProfessorController.h; sourceTree = "<group>"; };
		E0A775BA1A91F47F00DF60CD /* RJProfessorController.m */ = {isa = PBXFileReference; fileEncoding = 4; lastKnownFileType = sourcecode.c.objc; path = RJProfessorController.m; sourceTree = "<group>"; };
		E0A775BD1A92247C00DF60CD /* RJStudentProfileController.h */ = {isa = PBXFileReference; fileEncoding = 4; lastKnownFileType = sourcecode.c.h; path = RJStudentProfileController.h; sourceTree = "<group>"; };
		E0A775BE1A92247C00DF60CD /* RJStudentProfileController.m */ = {isa = PBXFileReference; fileEncoding = 4; lastKnownFileType = sourcecode.c.objc; path = RJStudentProfileController.m; sourceTree = "<group>"; };
		E0A775C01A92545800DF60CD /* RJStudent.h */ = {isa = PBXFileReference; fileEncoding = 4; lastKnownFileType = sourcecode.c.h; path = RJStudent.h; sourceTree = "<group>"; };
		E0A775C11A92545800DF60CD /* RJStudent.m */ = {isa = PBXFileReference; fileEncoding = 4; lastKnownFileType = sourcecode.c.objc; path = RJStudent.m; sourceTree = "<group>"; };
		E0A775C31A92545800DF60CD /* RJUniversity.h */ = {isa = PBXFileReference; fileEncoding = 4; lastKnownFileType = sourcecode.c.h; path = RJUniversity.h; sourceTree = "<group>"; };
		E0A775C41A92545800DF60CD /* RJUniversity.m */ = {isa = PBXFileReference; fileEncoding = 4; lastKnownFileType = sourcecode.c.objc; path = RJUniversity.m; sourceTree = "<group>"; };
		E0A775C61A92545800DF60CD /* RJCourse.h */ = {isa = PBXFileReference; fileEncoding = 4; lastKnownFileType = sourcecode.c.h; path = RJCourse.h; sourceTree = "<group>"; };
		E0A775C71A92545800DF60CD /* RJCourse.m */ = {isa = PBXFileReference; fileEncoding = 4; lastKnownFileType = sourcecode.c.objc; path = RJCourse.m; sourceTree = "<group>"; };
		E0A775C91A92545800DF60CD /* RJObject.h */ = {isa = PBXFileReference; fileEncoding = 4; lastKnownFileType = sourcecode.c.h; path = RJObject.h; sourceTree = "<group>"; };
		E0A775CA1A92545800DF60CD /* RJObject.m */ = {isa = PBXFileReference; fileEncoding = 4; lastKnownFileType = sourcecode.c.objc; path = RJObject.m; sourceTree = "<group>"; };
		E0A775CC1A92545800DF60CD /* RJProfessor.h */ = {isa = PBXFileReference; fileEncoding = 4; lastKnownFileType = sourcecode.c.h; path = RJProfessor.h; sourceTree = "<group>"; };
		E0A775CD1A92545800DF60CD /* RJProfessor.m */ = {isa = PBXFileReference; fileEncoding = 4; lastKnownFileType = sourcecode.c.objc; path = RJProfessor.m; sourceTree = "<group>"; };
		E0A775D21A92706900DF60CD /* RJTableViewCell.h */ = {isa = PBXFileReference; fileEncoding = 4; lastKnownFileType = sourcecode.c.h; path = RJTableViewCell.h; sourceTree = "<group>"; };
		E0A775D31A92706900DF60CD /* RJTableViewCell.m */ = {isa = PBXFileReference; fileEncoding = 4; lastKnownFileType = sourcecode.c.objc; path = RJTableViewCell.m; sourceTree = "<group>"; };
		E0A775D61A9284B800DF60CD /* RJStudentInfoCell.h */ = {isa = PBXFileReference; fileEncoding = 4; lastKnownFileType = sourcecode.c.h; path = RJStudentInfoCell.h; sourceTree = "<group>"; };
		E0A775D71A9284B800DF60CD /* RJStudentInfoCell.m */ = {isa = PBXFileReference; fileEncoding = 4; lastKnownFileType = sourcecode.c.objc; path = RJStudentInfoCell.m; sourceTree = "<group>"; };
		E0A775D91A928F1F00DF60CD /* contact.png */ = {isa = PBXFileReference; lastKnownFileType = image.png; path = contact.png; sourceTree = "<group>"; };
		E0A775DB1A92905600DF60CD /* contact2.png */ = {isa = PBXFileReference; lastKnownFileType = image.png; path = contact2.png; sourceTree = "<group>"; };
		E0E2063C1A90CF3E009048B1 /* Lesson41-44Ex.app */ = {isa = PBXFileReference; explicitFileType = wrapper.application; includeInIndex = 0; path = "Lesson41-44Ex.app"; sourceTree = BUILT_PRODUCTS_DIR; };
		E0E206401A90CF3E009048B1 /* Info.plist */ = {isa = PBXFileReference; lastKnownFileType = text.plist.xml; path = Info.plist; sourceTree = "<group>"; };
		E0E206411A90CF3E009048B1 /* main.m */ = {isa = PBXFileReference; lastKnownFileType = sourcecode.c.objc; path = main.m; sourceTree = "<group>"; };
		E0E206431A90CF3E009048B1 /* AppDelegate.h */ = {isa = PBXFileReference; lastKnownFileType = sourcecode.c.h; path = AppDelegate.h; sourceTree = "<group>"; };
		E0E206441A90CF3E009048B1 /* AppDelegate.m */ = {isa = PBXFileReference; lastKnownFileType = sourcecode.c.objc; path = AppDelegate.m; sourceTree = "<group>"; };
		E0E206471A90CF3E009048B1 /* Lesson41_44Ex.xcdatamodel */ = {isa = PBXFileReference; lastKnownFileType = wrapper.xcdatamodel; path = Lesson41_44Ex.xcdatamodel; sourceTree = "<group>"; };
		E0E206491A90CF3E009048B1 /* RJCoreDataTableViewController.h */ = {isa = PBXFileReference; lastKnownFileType = sourcecode.c.h; path = RJCoreDataTableViewController.h; sourceTree = "<group>"; };
		E0E2064A1A90CF3E009048B1 /* RJCoreDataTableViewController.m */ = {isa = PBXFileReference; lastKnownFileType = sourcecode.c.objc; path = RJCoreDataTableViewController.m; sourceTree = "<group>"; };
		E0E206501A90CF3E009048B1 /* Base */ = {isa = PBXFileReference; lastKnownFileType = file.storyboard; name = Base; path = Base.lproj/Main.storyboard; sourceTree = "<group>"; };
		E0E206521A90CF3E009048B1 /* Images.xcassets */ = {isa = PBXFileReference; lastKnownFileType = folder.assetcatalog; path = Images.xcassets; sourceTree = "<group>"; };
		E0E206551A90CF3E009048B1 /* Base */ = {isa = PBXFileReference; lastKnownFileType = file.xib; name = Base; path = Base.lproj/LaunchScreen.xib; sourceTree = "<group>"; };
		E0E2065B1A90CF3E009048B1 /* Lesson41-44ExTests.xctest */ = {isa = PBXFileReference; explicitFileType = wrapper.cfbundle; includeInIndex = 0; path = "Lesson41-44ExTests.xctest"; sourceTree = BUILT_PRODUCTS_DIR; };
		E0E206601A90CF3E009048B1 /* Info.plist */ = {isa = PBXFileReference; lastKnownFileType = text.plist.xml; path = Info.plist; sourceTree = "<group>"; };
		E0E206611A90CF3E009048B1 /* Lesson41_44ExTests.m */ = {isa = PBXFileReference; lastKnownFileType = sourcecode.c.objc; path = Lesson41_44ExTests.m; sourceTree = "<group>"; };
/* End PBXFileReference section */

/* Begin PBXFrameworksBuildPhase section */
		E0E206391A90CF3E009048B1 /* Frameworks */ = {
			isa = PBXFrameworksBuildPhase;
			buildActionMask = 2147483647;
			files = (
			);
			runOnlyForDeploymentPostprocessing = 0;
		};
		E0E206581A90CF3E009048B1 /* Frameworks */ = {
			isa = PBXFrameworksBuildPhase;
			buildActionMask = 2147483647;
			files = (
			);
			runOnlyForDeploymentPostprocessing = 0;
		};
/* End PBXFrameworksBuildPhase section */

/* Begin PBXGroup section */
		E0393E4A1A910759007C0A1A /* Models */ = {
			isa = PBXGroup;
			children = (
				E0A775CC1A92545800DF60CD /* RJProfessor.h */,
				E0A775CD1A92545800DF60CD /* RJProfessor.m */,
				E0A775C91A92545800DF60CD /* RJObject.h */,
				E0A775CA1A92545800DF60CD /* RJObject.m */,
				E0A775C61A92545800DF60CD /* RJCourse.h */,
				E0A775C71A92545800DF60CD /* RJCourse.m */,
				E0A775C31A92545800DF60CD /* RJUniversity.h */,
				E0A775C41A92545800DF60CD /* RJUniversity.m */,
				E0A775C01A92545800DF60CD /* RJStudent.h */,
				E0A775C11A92545800DF60CD /* RJStudent.m */,
			);
			name = Models;
			sourceTree = "<group>";
		};
		E0393E9C1A912CBF007C0A1A /* Images */ = {
			isa = PBXGroup;
			children = (
				E0A775D91A928F1F00DF60CD /* contact.png */,
				E0A775DB1A92905600DF60CD /* contact2.png */,
				E0393E9D1A912CBF007C0A1A /* 1.png */,
				E0393E9E1A912CBF007C0A1A /* 2.png */,
			);
			path = Images;
			sourceTree = SOURCE_ROOT;
		};
		E0A775B51A91F42F00DF60CD /* Model Controllers */ = {
			isa = PBXGroup;
			children = (
				E0393E471A90F7D5007C0A1A /* RJUniversitiyController.h */,
				E0393E481A90F7D5007C0A1A /* RJUniversitiyController.m */,
				E0A775B61A91F45E00DF60CD /* RJStudentController.h */,
				E0A775B71A91F45E00DF60CD /* RJStudentController.m */,
				E0A775B21A91F42300DF60CD /* RJCourseController.h */,
				E0A775B31A91F42300DF60CD /* RJCourseController.m */,
				E0A775B91A91F47F00DF60CD /* RJProfessorController.h */,
				E0A775BA1A91F47F00DF60CD /* RJProfessorController.m */,
			);
			name = "Model Controllers";
			sourceTree = "<group>";
		};
		E0A775BC1A92244400DF60CD /* Adding objects */ = {
			isa = PBXGroup;
			children = (
				E0A775BD1A92247C00DF60CD /* RJStudentProfileController.h */,
				E0A775BE1A92247C00DF60CD /* RJStudentProfileController.m */,
			);
			name = "Adding objects";
			sourceTree = "<group>";
		};
		E0A775D51A9277E700DF60CD /* CustomDynamicCell */ = {
			isa = PBXGroup;
			children = (
				E0A775D61A9284B800DF60CD /* RJStudentInfoCell.h */,
				E0A775D71A9284B800DF60CD /* RJStudentInfoCell.m */,
				E0A775D21A92706900DF60CD /* RJTableViewCell.h */,
				E0A775D31A92706900DF60CD /* RJTableViewCell.m */,
			);
			name = CustomDynamicCell;
			sourceTree = "<group>";
		};
		E0E206331A90CF3E009048B1 = {
			isa = PBXGroup;
			children = (
				E0E2063E1A90CF3E009048B1 /* Lesson41-44Ex */,
				E0E2065E1A90CF3E009048B1 /* Lesson41-44ExTests */,
				E0E2063D1A90CF3E009048B1 /* Products */,
			);
			sourceTree = "<group>";
		};
		E0E2063D1A90CF3E009048B1 /* Products */ = {
			isa = PBXGroup;
			children = (
				E0E2063C1A90CF3E009048B1 /* Lesson41-44Ex.app */,
				E0E2065B1A90CF3E009048B1 /* Lesson41-44ExTests.xctest */,
			);
			name = Products;
			sourceTree = "<group>";
		};
		E0E2063E1A90CF3E009048B1 /* Lesson41-44Ex */ = {
			isa = PBXGroup;
			children = (
				E0A775D51A9277E700DF60CD /* CustomDynamicCell */,
				E0A775BC1A92244400DF60CD /* Adding objects */,
				E0A775B51A91F42F00DF60CD /* Model Controllers */,
				E0393E4A1A910759007C0A1A /* Models */,
				E0393E441A90F2F5007C0A1A /* RJDataManager.h */,
				E0393E451A90F2F5007C0A1A /* RJDataManager.m */,
				E0E206431A90CF3E009048B1 /* AppDelegate.h */,
				E0E206441A90CF3E009048B1 /* AppDelegate.m */,
				E0E206491A90CF3E009048B1 /* RJCoreDataTableViewController.h */,
				E0E2064A1A90CF3E009048B1 /* RJCoreDataTableViewController.m */,
				E0E2064F1A90CF3E009048B1 /* Main.storyboard */,
				E0E206521A90CF3E009048B1 /* Images.xcassets */,
				E0E206541A90CF3E009048B1 /* LaunchScreen.xib */,
				E0E206461A90CF3E009048B1 /* Lesson41_44Ex.xcdatamodeld */,
				E0E2063F1A90CF3E009048B1 /* Supporting Files */,
			);
			path = "Lesson41-44Ex";
			sourceTree = "<group>";
		};
		E0E2063F1A90CF3E009048B1 /* Supporting Files */ = {
			isa = PBXGroup;
			children = (
				E0393E9C1A912CBF007C0A1A /* Images */,
				E0E206401A90CF3E009048B1 /* Info.plist */,
				E0E206411A90CF3E009048B1 /* main.m */,
			);
			name = "Supporting Files";
			sourceTree = "<group>";
		};
		E0E2065E1A90CF3E009048B1 /* Lesson41-44ExTests */ = {
			isa = PBXGroup;
			children = (
				E0E206611A90CF3E009048B1 /* Lesson41_44ExTests.m */,
				E0E2065F1A90CF3E009048B1 /* Supporting Files */,
			);
			path = "Lesson41-44ExTests";
			sourceTree = "<group>";
		};
		E0E2065F1A90CF3E009048B1 /* Supporting Files */ = {
			isa = PBXGroup;
			children = (
				E0E206601A90CF3E009048B1 /* Info.plist */,
			);
			name = "Supporting Files";
			sourceTree = "<group>";
		};
/* End PBXGroup section */

/* Begin PBXNativeTarget section */
		E0E2063B1A90CF3E009048B1 /* Lesson41-44Ex */ = {
			isa = PBXNativeTarget;
			buildConfigurationList = E0E206651A90CF3E009048B1 /* Build configuration list for PBXNativeTarget "Lesson41-44Ex" */;
			buildPhases = (
				E0E206381A90CF3E009048B1 /* Sources */,
				E0E206391A90CF3E009048B1 /* Frameworks */,
				E0E2063A1A90CF3E009048B1 /* Resources */,
			);
			buildRules = (
			);
			dependencies = (
			);
			name = "Lesson41-44Ex";
			productName = "Lesson41-44Ex";
			productReference = E0E2063C1A90CF3E009048B1 /* Lesson41-44Ex.app */;
			productType = "com.apple.product-type.application";
		};
		E0E2065A1A90CF3E009048B1 /* Lesson41-44ExTests */ = {
			isa = PBXNativeTarget;
			buildConfigurationList = E0E206681A90CF3E009048B1 /* Build configuration list for PBXNativeTarget "Lesson41-44ExTests" */;
			buildPhases = (
				E0E206571A90CF3E009048B1 /* Sources */,
				E0E206581A90CF3E009048B1 /* Frameworks */,
				E0E206591A90CF3E009048B1 /* Resources */,
			);
			buildRules = (
			);
			dependencies = (
				E0E2065D1A90CF3E009048B1 /* PBXTargetDependency */,
			);
			name = "Lesson41-44ExTests";
			productName = "Lesson41-44ExTests";
			productReference = E0E2065B1A90CF3E009048B1 /* Lesson41-44ExTests.xctest */;
			productType = "com.apple.product-type.bundle.unit-test";
		};
/* End PBXNativeTarget section */

/* Begin PBXProject section */
		E0E206341A90CF3E009048B1 /* Project object */ = {
			isa = PBXProject;
			attributes = {
				LastUpgradeCheck = 0610;
				ORGANIZATIONNAME = Hopreeeeenjust;
				TargetAttributes = {
					E0E2063B1A90CF3E009048B1 = {
						CreatedOnToolsVersion = 6.1.1;
					};
					E0E2065A1A90CF3E009048B1 = {
						CreatedOnToolsVersion = 6.1.1;
						TestTargetID = E0E2063B1A90CF3E009048B1;
					};
				};
			};
			buildConfigurationList = E0E206371A90CF3E009048B1 /* Build configuration list for PBXProject "Lesson41-44Ex" */;
			compatibilityVersion = "Xcode 3.2";
			developmentRegion = English;
			hasScannedForEncodings = 0;
			knownRegions = (
				en,
				Base,
			);
			mainGroup = E0E206331A90CF3E009048B1;
			productRefGroup = E0E2063D1A90CF3E009048B1 /* Products */;
			projectDirPath = "";
			projectRoot = "";
			targets = (
				E0E2063B1A90CF3E009048B1 /* Lesson41-44Ex */,
				E0E2065A1A90CF3E009048B1 /* Lesson41-44ExTests */,
			);
		};
/* End PBXProject section */

/* Begin PBXResourcesBuildPhase section */
		E0E2063A1A90CF3E009048B1 /* Resources */ = {
			isa = PBXResourcesBuildPhase;
			buildActionMask = 2147483647;
			files = (
				E0A775DA1A928F1F00DF60CD /* contact.png in Resources */,
				E0A775DC1A92905600DF60CD /* contact2.png in Resources */,
				E0393E9F1A912CBF007C0A1A /* 1.png in Resources */,
				E0E206511A90CF3E009048B1 /* Main.storyboard in Resources */,
				E0393EA01A912CBF007C0A1A /* 2.png in Resources */,
				E0E206561A90CF3E009048B1 /* LaunchScreen.xib in Resources */,
				E0E206531A90CF3E009048B1 /* Images.xcassets in Resources */,
			);
			runOnlyForDeploymentPostprocessing = 0;
		};
		E0E206591A90CF3E009048B1 /* Resources */ = {
			isa = PBXResourcesBuildPhase;
			buildActionMask = 2147483647;
			files = (
			);
			runOnlyForDeploymentPostprocessing = 0;
		};
/* End PBXResourcesBuildPhase section */

/* Begin PBXSourcesBuildPhase section */
		E0E206381A90CF3E009048B1 /* Sources */ = {
			isa = PBXSourcesBuildPhase;
			buildActionMask = 2147483647;
			files = (
				E0A775CB1A92545800DF60CD /* RJObject.m in Sources */,
				E0A775B81A91F45E00DF60CD /* RJStudentController.m in Sources */,
				E0A775D81A9284B800DF60CD /* RJStudentInfoCell.m in Sources */,
				E0A775C21A92545800DF60CD /* RJStudent.m in Sources */,
				E0E2064B1A90CF3E009048B1 /* RJCoreDataTableViewController.m in Sources */,
				E0A775B41A91F42300DF60CD /* RJCourseController.m in Sources */,
				E0393E491A90F7D5007C0A1A /* RJUniversitiyController.m in Sources */,
				E0E206451A90CF3E009048B1 /* AppDelegate.m in Sources */,
				E0A775C81A92545800DF60CD /* RJCourse.m in Sources */,
				E0E206481A90CF3E009048B1 /* Lesson41_44Ex.xcdatamodeld in Sources */,
				E0A775C51A92545800DF60CD /* RJUniversity.m in Sources */,
				E0E206421A90CF3E009048B1 /* main.m in Sources */,
				E0A775D41A92706900DF60CD /* RJTableViewCell.m in Sources */,
				E0A775BF1A92247C00DF60CD /* RJStudentProfileController.m in Sources */,
				E0393E461A90F2F5007C0A1A /* RJDataManager.m in Sources */,
				E0A775BB1A91F47F00DF60CD /* RJProfessorController.m in Sources */,
				E0A775CE1A92545800DF60CD /* RJProfessor.m in Sources */,
			);
			runOnlyForDeploymentPostprocessing = 0;
		};
		E0E206571A90CF3E009048B1 /* Sources */ = {
			isa = PBXSourcesBuildPhase;
			buildActionMask = 2147483647;
			files = (
				E0E206621A90CF3E009048B1 /* Lesson41_44ExTests.m in Sources */,
			);
			runOnlyForDeploymentPostprocessing = 0;
		};
/* End PBXSourcesBuildPhase section */

/* Begin PBXTargetDependency section */
		E0E2065D1A90CF3E009048B1 /* PBXTargetDependency */ = {
			isa = PBXTargetDependency;
			target = E0E2063B1A90CF3E009048B1 /* Lesson41-44Ex */;
			targetProxy = E0E2065C1A90CF3E009048B1 /* PBXContainerItemProxy */;
		};
/* End PBXTargetDependency section */

/* Begin PBXVariantGroup section */
		E0E2064F1A90CF3E009048B1 /* Main.storyboard */ = {
			isa = PBXVariantGroup;
			children = (
				E0E206501A90CF3E009048B1 /* Base */,
			);
			name = Main.storyboard;
			sourceTree = "<group>";
		};
		E0E206541A90CF3E009048B1 /* LaunchScreen.xib */ = {
			isa = PBXVariantGroup;
			children = (
				E0E206551A90CF3E009048B1 /* Base */,
			);
			name = LaunchScreen.xib;
			sourceTree = "<group>";
		};
/* End PBXVariantGroup section */

/* Begin XCBuildConfiguration section */
		E0E206631A90CF3E009048B1 /* Debug */ = {
			isa = XCBuildConfiguration;
			buildSettings = {
				ALWAYS_SEARCH_USER_PATHS = NO;
				CLANG_CXX_LANGUAGE_STANDARD = "gnu++0x";
				CLANG_CXX_LIBRARY = "libc++";
				CLANG_ENABLE_MODULES = YES;
				CLANG_ENABLE_OBJC_ARC = YES;
				CLANG_WARN_BOOL_CONVERSION = YES;
				CLANG_WARN_CONSTANT_CONVERSION = YES;
				CLANG_WARN_DIRECT_OBJC_ISA_USAGE = YES_ERROR;
				CLANG_WARN_EMPTY_BODY = YES;
				CLANG_WARN_ENUM_CONVERSION = YES;
				CLANG_WARN_INT_CONVERSION = YES;
				CLANG_WARN_OBJC_ROOT_CLASS = YES_ERROR;
				CLANG_WARN_UNREACHABLE_CODE = YES;
				CLANG_WARN__DUPLICATE_METHOD_MATCH = YES;
				"CODE_SIGN_IDENTITY[sdk=iphoneos*]" = "iPhone Developer";
				COPY_PHASE_STRIP = NO;
				ENABLE_STRICT_OBJC_MSGSEND = YES;
				GCC_C_LANGUAGE_STANDARD = gnu99;
				GCC_DYNAMIC_NO_PIC = NO;
				GCC_OPTIMIZATION_LEVEL = 0;
				GCC_PREPROCESSOR_DEFINITIONS = (
					"DEBUG=1",
					"$(inherited)",
				);
				GCC_SYMBOLS_PRIVATE_EXTERN = NO;
				GCC_WARN_64_TO_32_BIT_CONVERSION = YES;
				GCC_WARN_ABOUT_RETURN_TYPE = YES_ERROR;
				GCC_WARN_UNDECLARED_SELECTOR = YES;
				GCC_WARN_UNINITIALIZED_AUTOS = YES_AGGRESSIVE;
				GCC_WARN_UNUSED_FUNCTION = YES;
				GCC_WARN_UNUSED_VARIABLE = YES;
				IPHONEOS_DEPLOYMENT_TARGET = 8.1;
				MTL_ENABLE_DEBUG_INFO = YES;
				ONLY_ACTIVE_ARCH = YES;
				SDKROOT = iphoneos;
			};
			name = Debug;
		};
		E0E206641A90CF3E009048B1 /* Release */ = {
			isa = XCBuildConfiguration;
			buildSettings = {
				ALWAYS_SEARCH_USER_PATHS = NO;
				CLANG_CXX_LANGUAGE_STANDARD = "gnu++0x";
				CLANG_CXX_LIBRARY = "libc++";
				CLANG_ENABLE_MODULES = YES;
				CLANG_ENABLE_OBJC_ARC = YES;
				CLANG_WARN_BOOL_CONVERSION = YES;
				CLANG_WARN_CONSTANT_CONVERSION = YES;
				CLANG_WARN_DIRECT_OBJC_ISA_USAGE = YES_ERROR;
				CLANG_WARN_EMPTY_BODY = YES;
				CLANG_WARN_ENUM_CONVERSION = YES;
				CLANG_WARN_INT_CONVERSION = YES;
				CLANG_WARN_OBJC_ROOT_CLASS = YES_ERROR;
				CLANG_WARN_UNREACHABLE_CODE = YES;
				CLANG_WARN__DUPLICATE_METHOD_MATCH = YES;
				"CODE_SIGN_IDENTITY[sdk=iphoneos*]" = "iPhone Developer";
				COPY_PHASE_STRIP = YES;
				ENABLE_NS_ASSERTIONS = NO;
				ENABLE_STRICT_OBJC_MSGSEND = YES;
				GCC_C_LANGUAGE_STANDARD = gnu99;
				GCC_WARN_64_TO_32_BIT_CONVERSION = YES;
				GCC_WARN_ABOUT_RETURN_TYPE = YES_ERROR;
				GCC_WARN_UNDECLARED_SELECTOR = YES;
				GCC_WARN_UNINITIALIZED_AUTOS = YES_AGGRESSIVE;
				GCC_WARN_UNUSED_FUNCTION = YES;
				GCC_WARN_UNUSED_VARIABLE = YES;
				IPHONEOS_DEPLOYMENT_TARGET = 8.1;
				MTL_ENABLE_DEBUG_INFO = NO;
				SDKROOT = iphoneos;
				VALIDATE_PRODUCT = YES;
			};
			name = Release;
		};
		E0E206661A90CF3E009048B1 /* Debug */ = {
			isa = XCBuildConfiguration;
			buildSettings = {
				ASSETCATALOG_COMPILER_APPICON_NAME = AppIcon;
				INFOPLIST_FILE = "Lesson41-44Ex/Info.plist";
				LD_RUNPATH_SEARCH_PATHS = "$(inherited) @executable_path/Frameworks";
				PRODUCT_NAME = "$(TARGET_NAME)";
			};
			name = Debug;
		};
		E0E206671A90CF3E009048B1 /* Release */ = {
			isa = XCBuildConfiguration;
			buildSettings = {
				ASSETCATALOG_COMPILER_APPICON_NAME = AppIcon;
				INFOPLIST_FILE = "Lesson41-44Ex/Info.plist";
				LD_RUNPATH_SEARCH_PATHS = "$(inherited) @executable_path/Frameworks";
				PRODUCT_NAME = "$(TARGET_NAME)";
			};
			name = Release;
		};
		E0E206691A90CF3E009048B1 /* Debug */ = {
			isa = XCBuildConfiguration;
			buildSettings = {
				BUNDLE_LOADER = "$(TEST_HOST)";
				FRAMEWORK_SEARCH_PATHS = (
					"$(SDKROOT)/Developer/Library/Frameworks",
					"$(inherited)",
				);
				GCC_PREPROCESSOR_DEFINITIONS = (
					"DEBUG=1",
					"$(inherited)",
				);
				INFOPLIST_FILE = "Lesson41-44ExTests/Info.plist";
				LD_RUNPATH_SEARCH_PATHS = "$(inherited) @executable_path/Frameworks @loader_path/Frameworks";
				PRODUCT_NAME = "$(TARGET_NAME)";
				TEST_HOST = "$(BUILT_PRODUCTS_DIR)/Lesson41-44Ex.app/Lesson41-44Ex";
			};
			name = Debug;
		};
		E0E2066A1A90CF3E009048B1 /* Release */ = {
			isa = XCBuildConfiguration;
			buildSettings = {
				BUNDLE_LOADER = "$(TEST_HOST)";
				FRAMEWORK_SEARCH_PATHS = (
					"$(SDKROOT)/Developer/Library/Frameworks",
					"$(inherited)",
				);
				INFOPLIST_FILE = "Lesson41-44ExTests/Info.plist";
				LD_RUNPATH_SEARCH_PATHS = "$(inherited) @executable_path/Frameworks @loader_path/Frameworks";
				PRODUCT_NAME = "$(TARGET_NAME)";
				TEST_HOST = "$(BUILT_PRODUCTS_DIR)/Lesson41-44Ex.app/Lesson41-44Ex";
			};
			name = Release;
		};
/* End XCBuildConfiguration section */

/* Begin XCConfigurationList section */
		E0E206371A90CF3E009048B1 /* Build configuration list for PBXProject "Lesson41-44Ex" */ = {
			isa = XCConfigurationList;
			buildConfigurations = (
				E0E206631A90CF3E009048B1 /* Debug */,
				E0E206641A90CF3E009048B1 /* Release */,
			);
			defaultConfigurationIsVisible = 0;
			defaultConfigurationName = Release;
		};
		E0E206651A90CF3E009048B1 /* Build configuration list for PBXNativeTarget "Lesson41-44Ex" */ = {
			isa = XCConfigurationList;
			buildConfigurations = (
				E0E206661A90CF3E009048B1 /* Debug */,
				E0E206671A90CF3E009048B1 /* Release */,
			);
			defaultConfigurationIsVisible = 0;
			defaultConfigurationName = Release;
		};
		E0E206681A90CF3E009048B1 /* Build configuration list for PBXNativeTarget "Lesson41-44ExTests" */ = {
			isa = XCConfigurationList;
			buildConfigurations = (
				E0E206691A90CF3E009048B1 /* Debug */,
				E0E2066A1A90CF3E009048B1 /* Release */,
			);
			defaultConfigurationIsVisible = 0;
			defaultConfigurationName = Release;
		};
/* End XCConfigurationList section */

/* Begin XCVersionGroup section */
		E0E206461A90CF3E009048B1 /* Lesson41_44Ex.xcdatamodeld */ = {
			isa = XCVersionGroup;
			children = (
				E0E206471A90CF3E009048B1 /* Lesson41_44Ex.xcdatamodel */,
			);
			currentVersion = E0E206471A90CF3E009048B1 /* Lesson41_44Ex.xcdatamodel */;
			path = Lesson41_44Ex.xcdatamodeld;
			sourceTree = "<group>";
			versionGroupType = wrapper.xcdatamodel;
		};
/* End XCVersionGroup section */
	};
	rootObject = E0E206341A90CF3E009048B1 /* Project object */;
}
